
Microsoft Visual Studio Solution File, Format Version 12.00
# Visual Studio Version 17
VisualStudioVersion = 17.5.002.0
MinimumVisualStudioVersion = 10.0.40219.1
Project("{9A19103F-16F7-4668-BE54-9A1E7A4F7556}") = "Nieves_Juan_Calculadora", "Nieves_Juan_Calculadora.csproj", "{1D12F011-619D-42B0-9903-77B820D71108}"
EndProject
Global
	GlobalSection(SolutionConfigurationPlatforms) = preSolution
		Debug|Any CPU = Debug|Any CPU
		Release|Any CPU = Release|Any CPU
	EndGlobalSection
	GlobalSection(ProjectConfigurationPlatforms) = postSolution
		{1D12F011-619D-42B0-9903-77B820D71108}.Debug|Any CPU.ActiveCfg = Debug|Any CPU
		{1D12F011-619D-42B0-9903-77B820D71108}.Debug|Any CPU.Build.0 = Debug|Any CPU
		{1D12F011-619D-42B0-9903-77B820D71108}.Release|Any CPU.ActiveCfg = Release|Any CPU
		{1D12F011-619D-42B0-9903-77B820D71108}.Release|Any CPU.Build.0 = Release|Any CPU
	EndGlobalSection
	GlobalSection(SolutionProperties) = preSolution
		HideSolutionNode = FALSE
	EndGlobalSection
	GlobalSection(ExtensibilityGlobals) = postSolution
		SolutionGuid = {7A0C945E-2ABC-4753-B83A-F2D8F849511F}
	EndGlobalSection
EndGlobal
